
Microsoft Visual Studio Solution File, Format Version 12.00
# Visual Studio Version 17
VisualStudioVersion = 17.5.33103.201
MinimumVisualStudioVersion = 10.0.40219.1
Project("{2150E333-8FDC-42A3-9474-1A3956D46DE8}") = "DisCatSharp.Analyzer", "DisCatSharp.Analyzer", "{122968B7-2707-4FC2-819D-7E90B804A8E4}"
EndProject
Project("{9A19103F-16F7-4668-BE54-9A1E7A4F7556}") = "DisCatSharp.Analyzer", "DisCatSharp.Analyzer\DisCatSharp.Analyzer\DisCatSharp.Analyzer.csproj", "{DA33A3DA-DD7F-4E16-B503-79581CCEA974}"
EndProject
Project("{9A19103F-16F7-4668-BE54-9A1E7A4F7556}") = "DisCatSharp.Analyzer.Package", "DisCatSharp.Analyzer\DisCatSharp.Analyzer.Package\DisCatSharp.Analyzer.Package.csproj", "{B3122D6C-A0FE-42C3-9FCE-4A9789E66E1B}"
EndProject
Project("{9A19103F-16F7-4668-BE54-9A1E7A4F7556}") = "DisCatSharp.Analyzer.Vsix", "DisCatSharp.Analyzer\DisCatSharp.Analyzer.Vsix\DisCatSharp.Analyzer.Vsix.csproj", "{AFEFCFB5-9110-423D-B022-A6AA46307B90}"
EndProject
Project("{2150E333-8FDC-42A3-9474-1A3956D46DE8}") = "Ref", "Ref", "{C88304B3-5BF3-4F25-A36A-42CC42BB2D3B}"
EndProject
Project("{9A19103F-16F7-4668-BE54-9A1E7A4F7556}") = "DisCatSharp.Attributes", "..\DisCatSharp.Attributes\DisCatSharp.Attributes.csproj", "{FBEB40B3-4D62-462D-9F44-2B0BCDA0D2E7}"
EndProject
Global
	GlobalSection(SolutionConfigurationPlatforms) = preSolution
		Debug|Any CPU = Debug|Any CPU
		Release|Any CPU = Release|Any CPU
	EndGlobalSection
	GlobalSection(ProjectConfigurationPlatforms) = postSolution
		{DA33A3DA-DD7F-4E16-B503-79581CCEA974}.Debug|Any CPU.ActiveCfg = Debug|Any CPU
		{DA33A3DA-DD7F-4E16-B503-79581CCEA974}.Debug|Any CPU.Build.0 = Debug|Any CPU
		{DA33A3DA-DD7F-4E16-B503-79581CCEA974}.Release|Any CPU.ActiveCfg = Release|Any CPU
		{DA33A3DA-DD7F-4E16-B503-79581CCEA974}.Release|Any CPU.Build.0 = Release|Any CPU
		{B3122D6C-A0FE-42C3-9FCE-4A9789E66E1B}.Debug|Any CPU.ActiveCfg = Debug|Any CPU
		{B3122D6C-A0FE-42C3-9FCE-4A9789E66E1B}.Debug|Any CPU.Build.0 = Debug|Any CPU
		{B3122D6C-A0FE-42C3-9FCE-4A9789E66E1B}.Release|Any CPU.ActiveCfg = Release|Any CPU
		{B3122D6C-A0FE-42C3-9FCE-4A9789E66E1B}.Release|Any CPU.Build.0 = Release|Any CPU
		{AFEFCFB5-9110-423D-B022-A6AA46307B90}.Debug|Any CPU.ActiveCfg = Debug|Any CPU
		{AFEFCFB5-9110-423D-B022-A6AA46307B90}.Debug|Any CPU.Build.0 = Debug|Any CPU
		{AFEFCFB5-9110-423D-B022-A6AA46307B90}.Release|Any CPU.ActiveCfg = Release|Any CPU
		{AFEFCFB5-9110-423D-B022-A6AA46307B90}.Release|Any CPU.Build.0 = Release|Any CPU
		{FBEB40B3-4D62-462D-9F44-2B0BCDA0D2E7}.Debug|Any CPU.ActiveCfg = Debug|Any CPU
		{FBEB40B3-4D62-462D-9F44-2B0BCDA0D2E7}.Debug|Any CPU.Build.0 = Debug|Any CPU
		{FBEB40B3-4D62-462D-9F44-2B0BCDA0D2E7}.Release|Any CPU.ActiveCfg = Release|Any CPU
		{FBEB40B3-4D62-462D-9F44-2B0BCDA0D2E7}.Release|Any CPU.Build.0 = Release|Any CPU
	EndGlobalSection
	GlobalSection(SolutionProperties) = preSolution
		HideSolutionNode = FALSE
	EndGlobalSection
	GlobalSection(NestedProjects) = preSolution
		{DA33A3DA-DD7F-4E16-B503-79581CCEA974} = {122968B7-2707-4FC2-819D-7E90B804A8E4}
		{B3122D6C-A0FE-42C3-9FCE-4A9789E66E1B} = {122968B7-2707-4FC2-819D-7E90B804A8E4}
		{AFEFCFB5-9110-423D-B022-A6AA46307B90} = {122968B7-2707-4FC2-819D-7E90B804A8E4}
		{FBEB40B3-4D62-462D-9F44-2B0BCDA0D2E7} = {C88304B3-5BF3-4F25-A36A-42CC42BB2D3B}
	EndGlobalSection
	GlobalSection(ExtensibilityGlobals) = postSolution
		SolutionGuid = {C9C1591B-8805-457A-BC51-D975D32BCC3A}
	EndGlobalSection
EndGlobal
