
Microsoft Visual Studio Solution File, Format Version 12.00
# Visual Studio Version 17
VisualStudioVersion = 17.1.31911.260
MinimumVisualStudioVersion = 10.0.40219.1
Project("{9A19103F-16F7-4668-BE54-9A1E7A4F7556}") = "DisCatSharp.Analyzer", "DisCatSharp.Analyzer\DisCatSharp.Analyzer\DisCatSharp.Analyzer.csproj", "{888F895F-97AB-4B95-86C8-80CE330EE6A2}"
EndProject
Project("{9A19103F-16F7-4668-BE54-9A1E7A4F7556}") = "DisCatSharp.Analyzer.Package", "DisCatSharp.Analyzer\DisCatSharp.Analyzer.Package\DisCatSharp.Analyzer.Package.csproj", "{A471D5C5-B629-4727-BE7C-F7E7FA832F84}"
EndProject
Project("{9A19103F-16F7-4668-BE54-9A1E7A4F7556}") = "DisCatSharp.Attributes", "..\DisCatSharp.Attributes\DisCatSharp.Attributes.csproj", "{6EB1F99C-22FC-44D8-A1B6-539393C34810}"
EndProject
Project("{2150E333-8FDC-42A3-9474-1A3956D46DE8}") = "Solution Items", "Solution Items", "{6CBDA593-E86C-44F3-9F22-BB5F32D7D48E}"
	ProjectSection(SolutionItems) = preProject
		DisCatSharp.ruleset = DisCatSharp.ruleset
	EndProjectSection
EndProject
Project("{9A19103F-16F7-4668-BE54-9A1E7A4F7556}") = "DisCatSharp.Experimental", "..\DisCatSharp.Experimental\DisCatSharp.Experimental.csproj", "{58B4D657-A00E-4C47-B4D6-1EE881E5E387}"
EndProject
Global
	GlobalSection(SolutionConfigurationPlatforms) = preSolution
		Debug|Any CPU = Debug|Any CPU
		Release|Any CPU = Release|Any CPU
	EndGlobalSection
	GlobalSection(ProjectConfigurationPlatforms) = postSolution
		{888F895F-97AB-4B95-86C8-80CE330EE6A2}.Debug|Any CPU.ActiveCfg = Debug|Any CPU
		{888F895F-97AB-4B95-86C8-80CE330EE6A2}.Debug|Any CPU.Build.0 = Debug|Any CPU
		{888F895F-97AB-4B95-86C8-80CE330EE6A2}.Release|Any CPU.ActiveCfg = Release|Any CPU
		{888F895F-97AB-4B95-86C8-80CE330EE6A2}.Release|Any CPU.Build.0 = Release|Any CPU
		{A471D5C5-B629-4727-BE7C-F7E7FA832F84}.Debug|Any CPU.ActiveCfg = Debug|Any CPU
		{A471D5C5-B629-4727-BE7C-F7E7FA832F84}.Debug|Any CPU.Build.0 = Debug|Any CPU
		{A471D5C5-B629-4727-BE7C-F7E7FA832F84}.Release|Any CPU.ActiveCfg = Release|Any CPU
		{A471D5C5-B629-4727-BE7C-F7E7FA832F84}.Release|Any CPU.Build.0 = Release|Any CPU
		{6EB1F99C-22FC-44D8-A1B6-539393C34810}.Debug|Any CPU.ActiveCfg = Debug|Any CPU
		{6EB1F99C-22FC-44D8-A1B6-539393C34810}.Debug|Any CPU.Build.0 = Debug|Any CPU
		{6EB1F99C-22FC-44D8-A1B6-539393C34810}.Release|Any CPU.ActiveCfg = Release|Any CPU
		{6EB1F99C-22FC-44D8-A1B6-539393C34810}.Release|Any CPU.Build.0 = Release|Any CPU
		{58B4D657-A00E-4C47-B4D6-1EE881E5E387}.Debug|Any CPU.ActiveCfg = Debug|Any CPU
		{58B4D657-A00E-4C47-B4D6-1EE881E5E387}.Debug|Any CPU.Build.0 = Debug|Any CPU
		{58B4D657-A00E-4C47-B4D6-1EE881E5E387}.Release|Any CPU.ActiveCfg = Release|Any CPU
		{58B4D657-A00E-4C47-B4D6-1EE881E5E387}.Release|Any CPU.Build.0 = Release|Any CPU
	EndGlobalSection
	GlobalSection(SolutionProperties) = preSolution
		HideSolutionNode = FALSE
	EndGlobalSection
	GlobalSection(ExtensibilityGlobals) = postSolution
		SolutionGuid = {35117E8E-0076-4CB1-94BD-D3BC0F0A6CCC}
	EndGlobalSection
EndGlobal
